
Microsoft Visual Studio Solution File, Format Version 12.00
# Visual Studio Version 17
VisualStudioVersion = 17.13.35825.156 d17.13
MinimumVisualStudioVersion = 10.0.40219.1
Project("{FAE04EC0-301F-11D3-BF4B-00C04F79EFBC}") = "Ecommerce_mvc", "Ecommerce_mvc\Ecommerce_mvc.csproj", "{829DD3ED-E1FD-43AB-9FE3-26DE4CCD4619}"
EndProject
Global
	GlobalSection(SolutionConfigurationPlatforms) = preSolution
		Debug|Any CPU = Debug|Any CPU
		Release|Any CPU = Release|Any CPU
	EndGlobalSection
	GlobalSection(ProjectConfigurationPlatforms) = postSolution
		{829DD3ED-E1FD-43AB-9FE3-26DE4CCD4619}.Debug|Any CPU.ActiveCfg = Debug|Any CPU
		{829DD3ED-E1FD-43AB-9FE3-26DE4CCD4619}.Debug|Any CPU.Build.0 = Debug|Any CPU
		{829DD3ED-E1FD-43AB-9FE3-26DE4CCD4619}.Release|Any CPU.ActiveCfg = Release|Any CPU
		{829DD3ED-E1FD-43AB-9FE3-26DE4CCD4619}.Release|Any CPU.Build.0 = Release|Any CPU
	EndGlobalSection
	GlobalSection(SolutionProperties) = preSolution
		HideSolutionNode = FALSE
	EndGlobalSection
	GlobalSection(ExtensibilityGlobals) = postSolution
		SolutionGuid = {68005F38-3B0A-43D2-AABE-0343D7A0D989}
	EndGlobalSection
EndGlobal
